// !$*UTF8*$!
{
	archiveVersion = 1;
	classes = {
	};
	objectVersion = 77;
	objects = {

/* Begin PBXBuildFile section */
		DFC1FAAD2E31AA7A0083A70C /* GoogleMobileAds in Frameworks */ = {isa = PBXBuildFile; productRef = DFC1FAAC2E31AA7A0083A70C /* GoogleMobileAds */; };
		DFC1FBD22E32BFF20083A70C /* WidgetKit.framework in Frameworks */ = {isa = PBXBuildFile; fileRef = DFC1FBD12E32BFF20083A70C /* WidgetKit.framework */; };
		DFC1FBD42E32BFF20083A70C /* SwiftUI.framework in Frameworks */ = {isa = PBXBuildFile; fileRef = DFC1FBD32E32BFF20083A70C /* SwiftUI.framework */; };
		DFC1FBE52E32BFF40083A70C /* WaterWidgetExtension.appex in Embed Foundation Extensions */ = {isa = PBXBuildFile; fileRef = DFC1FBCF2E32BFF20083A70C /* WaterWidgetExtension.appex */; settings = {ATTRIBUTES = (RemoveHeadersOnCopy, ); }; };
		DFD408FB2E48ED2700B9A3EF /* Secrets.xcconfig in Resources */ = {isa = PBXBuildFile; fileRef = DFD408FA2E48ED2700B9A3EF /* Secrets.xcconfig */; };
/* End PBXBuildFile section */

/* Begin PBXContainerItemProxy section */
		DF74CD792D99DCAA001CABD2 /* PBXContainerItemProxy */ = {
			isa = PBXContainerItemProxy;
			containerPortal = DF74CD602D99DCA8001CABD2 /* Project object */;
			proxyType = 1;
			remoteGlobalIDString = DF74CD672D99DCA8001CABD2;
			remoteInfo = BebaAgua;
		};
		DF74CD832D99DCAA001CABD2 /* PBXContainerItemProxy */ = {
			isa = PBXContainerItemProxy;
			containerPortal = DF74CD602D99DCA8001CABD2 /* Project object */;
			proxyType = 1;
			remoteGlobalIDString = DF74CD672D99DCA8001CABD2;
			remoteInfo = BebaAgua;
		};
		DFC1FBE32E32BFF40083A70C /* PBXContainerItemProxy */ = {
			isa = PBXContainerItemProxy;
			containerPortal = DF74CD602D99DCA8001CABD2 /* Project object */;
			proxyType = 1;
			remoteGlobalIDString = DFC1FBCE2E32BFF20083A70C;
			remoteInfo = WaterWidgetExtension;
		};
/* End PBXContainerItemProxy section */

/* Begin PBXCopyFilesBuildPhase section */
		DFC1FBE62E32BFF40083A70C /* Embed Foundation Extensions */ = {
			isa = PBXCopyFilesBuildPhase;
			buildActionMask = 2147483647;
			dstPath = "";
			dstSubfolderSpec = 13;
			files = (
				DFC1FBE52E32BFF40083A70C /* WaterWidgetExtension.appex in Embed Foundation Extensions */,
			);
			name = "Embed Foundation Extensions";
			runOnlyForDeploymentPostprocessing = 0;
		};
/* End PBXCopyFilesBuildPhase section */

/* Begin PBXFileReference section */
		DF74CD682D99DCA8001CABD2 /* BebaAgua.app */ = {isa = PBXFileReference; explicitFileType = wrapper.application; includeInIndex = 0; path = BebaAgua.app; sourceTree = BUILT_PRODUCTS_DIR; };
		DF74CD782D99DCAA001CABD2 /* BebaAguaTests.xctest */ = {isa = PBXFileReference; explicitFileType = wrapper.cfbundle; includeInIndex = 0; path = BebaAguaTests.xctest; sourceTree = BUILT_PRODUCTS_DIR; };
		DF74CD822D99DCAA001CABD2 /* BebaAguaUITests.xctest */ = {isa = PBXFileReference; explicitFileType = wrapper.cfbundle; includeInIndex = 0; path = BebaAguaUITests.xctest; sourceTree = BUILT_PRODUCTS_DIR; };
		DFC1FBCF2E32BFF20083A70C /* WaterWidgetExtension.appex */ = {isa = PBXFileReference; explicitFileType = "wrapper.app-extension"; includeInIndex = 0; path = WaterWidgetExtension.appex; sourceTree = BUILT_PRODUCTS_DIR; };
		DFC1FBD12E32BFF20083A70C /* WidgetKit.framework */ = {isa = PBXFileReference; lastKnownFileType = wrapper.framework; name = WidgetKit.framework; path = System/Library/Frameworks/WidgetKit.framework; sourceTree = SDKROOT; };
		DFC1FBD32E32BFF20083A70C /* SwiftUI.framework */ = {isa = PBXFileReference; lastKnownFileType = wrapper.framework; name = SwiftUI.framework; path = System/Library/Frameworks/SwiftUI.framework; sourceTree = SDKROOT; };
		DFC1FBEB2E32C6CD0083A70C /* WaterWidgetExtension.entitlements */ = {isa = PBXFileReference; lastKnownFileType = text.plist.entitlements; path = WaterWidgetExtension.entitlements; sourceTree = "<group>"; };
		DFD408FA2E48ED2700B9A3EF /* Secrets.xcconfig */ = {isa = PBXFileReference; lastKnownFileType = text.xcconfig; path = Secrets.xcconfig; sourceTree = "<group>"; };
/* End PBXFileReference section */

/* Begin PBXFileSystemSynchronizedBuildFileExceptionSet section */
		DF4242D62DF90D5600015E36 /* Exceptions for "BebaAgua" folder in "BebaAgua" target */ = {
			isa = PBXFileSystemSynchronizedBuildFileExceptionSet;
			membershipExceptions = (
				Info.plist,
			);
			target = DF74CD672D99DCA8001CABD2 /* BebaAgua */;
		};
		DFA09CA82E32EBCE006A00FE /* Exceptions for "WaterWidget" folder in "WaterWidgetExtension" target */ = {
			isa = PBXFileSystemSynchronizedBuildFileExceptionSet;
			membershipExceptions = (
				Info.plist,
			);
			target = DFC1FBCE2E32BFF20083A70C /* WaterWidgetExtension */;
		};
/* End PBXFileSystemSynchronizedBuildFileExceptionSet section */

/* Begin PBXFileSystemSynchronizedRootGroup section */
		DF74CD6A2D99DCA8001CABD2 /* BebaAgua */ = {
			isa = PBXFileSystemSynchronizedRootGroup;
			exceptions = (
				DF4242D62DF90D5600015E36 /* Exceptions for "BebaAgua" folder in "BebaAgua" target */,
			);
			path = BebaAgua;
			sourceTree = "<group>";
		};
		DF74CD7B2D99DCAA001CABD2 /* BebaAguaTests */ = {
			isa = PBXFileSystemSynchronizedRootGroup;
			path = BebaAguaTests;
			sourceTree = "<group>";
		};
		DF74CD852D99DCAA001CABD2 /* BebaAguaUITests */ = {
			isa = PBXFileSystemSynchronizedRootGroup;
			path = BebaAguaUITests;
			sourceTree = "<group>";
		};
		DFC1FBD52E32BFF20083A70C /* WaterWidget */ = {
			isa = PBXFileSystemSynchronizedRootGroup;
			exceptions = (
				DFA09CA82E32EBCE006A00FE /* Exceptions for "WaterWidget" folder in "WaterWidgetExtension" target */,
			);
			path = WaterWidget;
			sourceTree = "<group>";
		};
/* End PBXFileSystemSynchronizedRootGroup section */

/* Begin PBXFrameworksBuildPhase section */
		DF74CD652D99DCA8001CABD2 /* Frameworks */ = {
			isa = PBXFrameworksBuildPhase;
			buildActionMask = 2147483647;
			files = (
				DFC1FAAD2E31AA7A0083A70C /* GoogleMobileAds in Frameworks */,
			);
			runOnlyForDeploymentPostprocessing = 0;
		};
		DF74CD752D99DCAA001CABD2 /* Frameworks */ = {
			isa = PBXFrameworksBuildPhase;
			buildActionMask = 2147483647;
			files = (
			);
			runOnlyForDeploymentPostprocessing = 0;
		};
		DF74CD7F2D99DCAA001CABD2 /* Frameworks */ = {
			isa = PBXFrameworksBuildPhase;
			buildActionMask = 2147483647;
			files = (
			);
			runOnlyForDeploymentPostprocessing = 0;
		};
		DFC1FBCC2E32BFF20083A70C /* Frameworks */ = {
			isa = PBXFrameworksBuildPhase;
			buildActionMask = 2147483647;
			files = (
				DFC1FBD42E32BFF20083A70C /* SwiftUI.framework in Frameworks */,
				DFC1FBD22E32BFF20083A70C /* WidgetKit.framework in Frameworks */,
			);
			runOnlyForDeploymentPostprocessing = 0;
		};
/* End PBXFrameworksBuildPhase section */

/* Begin PBXGroup section */
		DF74CD5F2D99DCA8001CABD2 = {
			isa = PBXGroup;
			children = (
				DFD408FA2E48ED2700B9A3EF /* Secrets.xcconfig */,
				DFC1FBEB2E32C6CD0083A70C /* WaterWidgetExtension.entitlements */,
				DF74CD6A2D99DCA8001CABD2 /* BebaAgua */,
				DF74CD7B2D99DCAA001CABD2 /* BebaAguaTests */,
				DF74CD852D99DCAA001CABD2 /* BebaAguaUITests */,
				DFC1FBD52E32BFF20083A70C /* WaterWidget */,
				DFC1FBD02E32BFF20083A70C /* Frameworks */,
				DF74CD692D99DCA8001CABD2 /* Products */,
			);
			sourceTree = "<group>";
		};
		DF74CD692D99DCA8001CABD2 /* Products */ = {
			isa = PBXGroup;
			children = (
				DF74CD682D99DCA8001CABD2 /* BebaAgua.app */,
				DF74CD782D99DCAA001CABD2 /* BebaAguaTests.xctest */,
				DF74CD822D99DCAA001CABD2 /* BebaAguaUITests.xctest */,
				DFC1FBCF2E32BFF20083A70C /* WaterWidgetExtension.appex */,
			);
			name = Products;
			sourceTree = "<group>";
		};
		DFC1FBD02E32BFF20083A70C /* Frameworks */ = {
			isa = PBXGroup;
			children = (
				DFC1FBD12E32BFF20083A70C /* WidgetKit.framework */,
				DFC1FBD32E32BFF20083A70C /* SwiftUI.framework */,
			);
			name = Frameworks;
			sourceTree = "<group>";
		};
/* End PBXGroup section */

/* Begin PBXNativeTarget section */
		DF74CD672D99DCA8001CABD2 /* BebaAgua */ = {
			isa = PBXNativeTarget;
			buildConfigurationList = DF74CD8C2D99DCAA001CABD2 /* Build configuration list for PBXNativeTarget "BebaAgua" */;
			buildPhases = (
				DF74CD642D99DCA8001CABD2 /* Sources */,
				DF74CD652D99DCA8001CABD2 /* Frameworks */,
				DF74CD662D99DCA8001CABD2 /* Resources */,
				DFC1FBE62E32BFF40083A70C /* Embed Foundation Extensions */,
			);
			buildRules = (
			);
			dependencies = (
				DFC1FBE42E32BFF40083A70C /* PBXTargetDependency */,
			);
			fileSystemSynchronizedGroups = (
				DF74CD6A2D99DCA8001CABD2 /* BebaAgua */,
			);
			name = BebaAgua;
			packageProductDependencies = (
				DFC1FAAC2E31AA7A0083A70C /* GoogleMobileAds */,
			);
			productName = BebaAgua;
			productReference = DF74CD682D99DCA8001CABD2 /* BebaAgua.app */;
			productType = "com.apple.product-type.application";
		};
		DF74CD772D99DCAA001CABD2 /* BebaAguaTests */ = {
			isa = PBXNativeTarget;
			buildConfigurationList = DF74CD8F2D99DCAA001CABD2 /* Build configuration list for PBXNativeTarget "BebaAguaTests" */;
			buildPhases = (
				DF74CD742D99DCAA001CABD2 /* Sources */,
				DF74CD752D99DCAA001CABD2 /* Frameworks */,
				DF74CD762D99DCAA001CABD2 /* Resources */,
			);
			buildRules = (
			);
			dependencies = (
				DF74CD7A2D99DCAA001CABD2 /* PBXTargetDependency */,
			);
			fileSystemSynchronizedGroups = (
				DF74CD7B2D99DCAA001CABD2 /* BebaAguaTests */,
			);
			name = BebaAguaTests;
			packageProductDependencies = (
			);
			productName = BebaAguaTests;
			productReference = DF74CD782D99DCAA001CABD2 /* BebaAguaTests.xctest */;
			productType = "com.apple.product-type.bundle.unit-test";
		};
		DF74CD812D99DCAA001CABD2 /* BebaAguaUITests */ = {
			isa = PBXNativeTarget;
			buildConfigurationList = DF74CD922D99DCAA001CABD2 /* Build configuration list for PBXNativeTarget "BebaAguaUITests" */;
			buildPhases = (
				DF74CD7E2D99DCAA001CABD2 /* Sources */,
				DF74CD7F2D99DCAA001CABD2 /* Frameworks */,
				DF74CD802D99DCAA001CABD2 /* Resources */,
			);
			buildRules = (
			);
			dependencies = (
				DF74CD842D99DCAA001CABD2 /* PBXTargetDependency */,
			);
			fileSystemSynchronizedGroups = (
				DF74CD852D99DCAA001CABD2 /* BebaAguaUITests */,
			);
			name = BebaAguaUITests;
			packageProductDependencies = (
			);
			productName = BebaAguaUITests;
			productReference = DF74CD822D99DCAA001CABD2 /* BebaAguaUITests.xctest */;
			productType = "com.apple.product-type.bundle.ui-testing";
		};
		DFC1FBCE2E32BFF20083A70C /* WaterWidgetExtension */ = {
			isa = PBXNativeTarget;
			buildConfigurationList = DFC1FBE92E32BFF40083A70C /* Build configuration list for PBXNativeTarget "WaterWidgetExtension" */;
			buildPhases = (
				DFC1FBCB2E32BFF20083A70C /* Sources */,
				DFC1FBCC2E32BFF20083A70C /* Frameworks */,
				DFC1FBCD2E32BFF20083A70C /* Resources */,
			);
			buildRules = (
			);
			dependencies = (
			);
			fileSystemSynchronizedGroups = (
				DFC1FBD52E32BFF20083A70C /* WaterWidget */,
			);
			name = WaterWidgetExtension;
			packageProductDependencies = (
			);
			productName = WaterWidgetExtension;
			productReference = DFC1FBCF2E32BFF20083A70C /* WaterWidgetExtension.appex */;
			productType = "com.apple.product-type.app-extension";
		};
/* End PBXNativeTarget section */

/* Begin PBXProject section */
		DF74CD602D99DCA8001CABD2 /* Project object */ = {
			isa = PBXProject;
			attributes = {
				BuildIndependentTargetsInParallel = 1;
				LastSwiftUpdateCheck = 1640;
				LastUpgradeCheck = 1620;
				TargetAttributes = {
					DF74CD672D99DCA8001CABD2 = {
						CreatedOnToolsVersion = 16.2;
					};
					DF74CD772D99DCAA001CABD2 = {
						CreatedOnToolsVersion = 16.2;
						TestTargetID = DF74CD672D99DCA8001CABD2;
					};
					DF74CD812D99DCAA001CABD2 = {
						CreatedOnToolsVersion = 16.2;
						TestTargetID = DF74CD672D99DCA8001CABD2;
					};
					DFC1FBCE2E32BFF20083A70C = {
						CreatedOnToolsVersion = 16.4;
					};
				};
			};
			buildConfigurationList = DF74CD632D99DCA8001CABD2 /* Build configuration list for PBXProject "BebaAgua" */;
			developmentRegion = en;
			hasScannedForEncodings = 0;
			knownRegions = (
				en,
				Base,
				"pt-BR",
				"es-419",
			);
			mainGroup = DF74CD5F2D99DCA8001CABD2;
			minimizedProjectReferenceProxies = 1;
			packageReferences = (
				DFC1FAAB2E31AA790083A70C /* XCRemoteSwiftPackageReference "swift-package-manager-google-mobile-ads" */,
			);
			preferredProjectObjectVersion = 77;
			productRefGroup = DF74CD692D99DCA8001CABD2 /* Products */;
			projectDirPath = "";
			projectRoot = "";
			targets = (
				DF74CD672D99DCA8001CABD2 /* BebaAgua */,
				DF74CD772D99DCAA001CABD2 /* BebaAguaTests */,
				DF74CD812D99DCAA001CABD2 /* BebaAguaUITests */,
				DFC1FBCE2E32BFF20083A70C /* WaterWidgetExtension */,
			);
		};
/* End PBXProject section */

/* Begin PBXResourcesBuildPhase section */
		DF74CD662D99DCA8001CABD2 /* Resources */ = {
			isa = PBXResourcesBuildPhase;
			buildActionMask = 2147483647;
			files = (
				DFD408FB2E48ED2700B9A3EF /* Secrets.xcconfig in Resources */,
			);
			runOnlyForDeploymentPostprocessing = 0;
		};
		DF74CD762D99DCAA001CABD2 /* Resources */ = {
			isa = PBXResourcesBuildPhase;
			buildActionMask = 2147483647;
			files = (
			);
			runOnlyForDeploymentPostprocessing = 0;
		};
		DF74CD802D99DCAA001CABD2 /* Resources */ = {
			isa = PBXResourcesBuildPhase;
			buildActionMask = 2147483647;
			files = (
			);
			runOnlyForDeploymentPostprocessing = 0;
		};
		DFC1FBCD2E32BFF20083A70C /* Resources */ = {
			isa = PBXResourcesBuildPhase;
			buildActionMask = 2147483647;
			files = (
			);
			runOnlyForDeploymentPostprocessing = 0;
		};
/* End PBXResourcesBuildPhase section */

/* Begin PBXSourcesBuildPhase section */
		DF74CD642D99DCA8001CABD2 /* Sources */ = {
			isa = PBXSourcesBuildPhase;
			buildActionMask = 2147483647;
			files = (
			);
			runOnlyForDeploymentPostprocessing = 0;
		};
		DF74CD742D99DCAA001CABD2 /* Sources */ = {
			isa = PBXSourcesBuildPhase;
			buildActionMask = 2147483647;
			files = (
			);
			runOnlyForDeploymentPostprocessing = 0;
		};
		DF74CD7E2D99DCAA001CABD2 /* Sources */ = {
			isa = PBXSourcesBuildPhase;
			buildActionMask = 2147483647;
			files = (
			);
			runOnlyForDeploymentPostprocessing = 0;
		};
		DFC1FBCB2E32BFF20083A70C /* Sources */ = {
			isa = PBXSourcesBuildPhase;
			buildActionMask = 2147483647;
			files = (
			);
			runOnlyForDeploymentPostprocessing = 0;
		};
/* End PBXSourcesBuildPhase section */

/* Begin PBXTargetDependency section */
		DF74CD7A2D99DCAA001CABD2 /* PBXTargetDependency */ = {
			isa = PBXTargetDependency;
			target = DF74CD672D99DCA8001CABD2 /* BebaAgua */;
			targetProxy = DF74CD792D99DCAA001CABD2 /* PBXContainerItemProxy */;
		};
		DF74CD842D99DCAA001CABD2 /* PBXTargetDependency */ = {
			isa = PBXTargetDependency;
			target = DF74CD672D99DCA8001CABD2 /* BebaAgua */;
			targetProxy = DF74CD832D99DCAA001CABD2 /* PBXContainerItemProxy */;
		};
		DFC1FBE42E32BFF40083A70C /* PBXTargetDependency */ = {
			isa = PBXTargetDependency;
			target = DFC1FBCE2E32BFF20083A70C /* WaterWidgetExtension */;
			targetProxy = DFC1FBE32E32BFF40083A70C /* PBXContainerItemProxy */;
		};
/* End PBXTargetDependency section */

/* Begin XCBuildConfiguration section */
		DF74CD8A2D99DCAA001CABD2 /* Debug */ = {
			isa = XCBuildConfiguration;
			baseConfigurationReference = DFD408FA2E48ED2700B9A3EF /* Secrets.xcconfig */;
			buildSettings = {
				ALWAYS_SEARCH_USER_PATHS = NO;
				ASSETCATALOG_COMPILER_GENERATE_SWIFT_ASSET_SYMBOL_EXTENSIONS = YES;
				CLANG_ANALYZER_NONNULL = YES;
				CLANG_ANALYZER_NUMBER_OBJECT_CONVERSION = YES_AGGRESSIVE;
				CLANG_CXX_LANGUAGE_STANDARD = "gnu++20";
				CLANG_ENABLE_MODULES = YES;
				CLANG_ENABLE_OBJC_ARC = YES;
				CLANG_ENABLE_OBJC_WEAK = YES;
				CLANG_WARN_BLOCK_CAPTURE_AUTORELEASING = YES;
				CLANG_WARN_BOOL_CONVERSION = YES;
				CLANG_WARN_COMMA = YES;
				CLANG_WARN_CONSTANT_CONVERSION = YES;
				CLANG_WARN_DEPRECATED_OBJC_IMPLEMENTATIONS = YES;
				CLANG_WARN_DIRECT_OBJC_ISA_USAGE = YES_ERROR;
				CLANG_WARN_DOCUMENTATION_COMMENTS = YES;
				CLANG_WARN_EMPTY_BODY = YES;
				CLANG_WARN_ENUM_CONVERSION = YES;
				CLANG_WARN_INFINITE_RECURSION = YES;
				CLANG_WARN_INT_CONVERSION = YES;
				CLANG_WARN_NON_LITERAL_NULL_CONVERSION = YES;
				CLANG_WARN_OBJC_IMPLICIT_RETAIN_SELF = YES;
				CLANG_WARN_OBJC_LITERAL_CONVERSION = YES;
				CLANG_WARN_OBJC_ROOT_CLASS = YES_ERROR;
				CLANG_WARN_QUOTED_INCLUDE_IN_FRAMEWORK_HEADER = YES;
				CLANG_WARN_RANGE_LOOP_ANALYSIS = YES;
				CLANG_WARN_STRICT_PROTOTYPES = YES;
				CLANG_WARN_SUSPICIOUS_MOVE = YES;
				CLANG_WARN_UNGUARDED_AVAILABILITY = YES_AGGRESSIVE;
				CLANG_WARN_UNREACHABLE_CODE = YES;
				CLANG_WARN__DUPLICATE_METHOD_MATCH = YES;
				COPY_PHASE_STRIP = NO;
				DEBUG_INFORMATION_FORMAT = dwarf;
				ENABLE_STRICT_OBJC_MSGSEND = YES;
				ENABLE_TESTABILITY = YES;
				ENABLE_USER_SCRIPT_SANDBOXING = YES;
				GCC_C_LANGUAGE_STANDARD = gnu17;
				GCC_DYNAMIC_NO_PIC = NO;
				GCC_NO_COMMON_BLOCKS = YES;
				GCC_OPTIMIZATION_LEVEL = 0;
				GCC_PREPROCESSOR_DEFINITIONS = (
					"DEBUG=1",
					"$(inherited)",
				);
				GCC_WARN_64_TO_32_BIT_CONVERSION = YES;
				GCC_WARN_ABOUT_RETURN_TYPE = YES_ERROR;
				GCC_WARN_UNDECLARED_SELECTOR = YES;
				GCC_WARN_UNINITIALIZED_AUTOS = YES_AGGRESSIVE;
				GCC_WARN_UNUSED_FUNCTION = YES;
				GCC_WARN_UNUSED_VARIABLE = YES;
				IPHONEOS_DEPLOYMENT_TARGET = 18.2;
				LOCALIZATION_PREFERS_STRING_CATALOGS = YES;
				MTL_ENABLE_DEBUG_INFO = INCLUDE_SOURCE;
				MTL_FAST_MATH = YES;
				ONLY_ACTIVE_ARCH = YES;
				SDKROOT = iphoneos;
				SWIFT_ACTIVE_COMPILATION_CONDITIONS = "DEBUG $(inherited)";
				SWIFT_EMIT_LOC_STRINGS = YES;
				SWIFT_OPTIMIZATION_LEVEL = "-Onone";
			};
			name = Debug;
		};
		DF74CD8B2D99DCAA001CABD2 /* Release */ = {
			isa = XCBuildConfiguration;
			baseConfigurationReference = DFD408FA2E48ED2700B9A3EF /* Secrets.xcconfig */;
			buildSettings = {
				ALWAYS_SEARCH_USER_PATHS = NO;
				ASSETCATALOG_COMPILER_GENERATE_SWIFT_ASSET_SYMBOL_EXTENSIONS = YES;
				CLANG_ANALYZER_NONNULL = YES;
				CLANG_ANALYZER_NUMBER_OBJECT_CONVERSION = YES_AGGRESSIVE;
				CLANG_CXX_LANGUAGE_STANDARD = "gnu++20";
				CLANG_ENABLE_MODULES = YES;
				CLANG_ENABLE_OBJC_ARC = YES;
				CLANG_ENABLE_OBJC_WEAK = YES;
				CLANG_WARN_BLOCK_CAPTURE_AUTORELEASING = YES;
				CLANG_WARN_BOOL_CONVERSION = YES;
				CLANG_WARN_COMMA = YES;
				CLANG_WARN_CONSTANT_CONVERSION = YES;
				CLANG_WARN_DEPRECATED_OBJC_IMPLEMENTATIONS = YES;
				CLANG_WARN_DIRECT_OBJC_ISA_USAGE = YES_ERROR;
				CLANG_WARN_DOCUMENTATION_COMMENTS = YES;
				CLANG_WARN_EMPTY_BODY = YES;
				CLANG_WARN_ENUM_CONVERSION = YES;
				CLANG_WARN_INFINITE_RECURSION = YES;
				CLANG_WARN_INT_CONVERSION = YES;
				CLANG_WARN_NON_LITERAL_NULL_CONVERSION = YES;
				CLANG_WARN_OBJC_IMPLICIT_RETAIN_SELF = YES;
				CLANG_WARN_OBJC_LITERAL_CONVERSION = YES;
				CLANG_WARN_OBJC_ROOT_CLASS = YES_ERROR;
				CLANG_WARN_QUOTED_INCLUDE_IN_FRAMEWORK_HEADER = YES;
				CLANG_WARN_RANGE_LOOP_ANALYSIS = YES;
				CLANG_WARN_STRICT_PROTOTYPES = YES;
				CLANG_WARN_SUSPICIOUS_MOVE = YES;
				CLANG_WARN_UNGUARDED_AVAILABILITY = YES_AGGRESSIVE;
				CLANG_WARN_UNREACHABLE_CODE = YES;
				CLANG_WARN__DUPLICATE_METHOD_MATCH = YES;
				COPY_PHASE_STRIP = NO;
				DEBUG_INFORMATION_FORMAT = "dwarf-with-dsym";
				ENABLE_NS_ASSERTIONS = NO;
				ENABLE_STRICT_OBJC_MSGSEND = YES;
				ENABLE_USER_SCRIPT_SANDBOXING = YES;
				GCC_C_LANGUAGE_STANDARD = gnu17;
				GCC_NO_COMMON_BLOCKS = YES;
				GCC_WARN_64_TO_32_BIT_CONVERSION = YES;
				GCC_WARN_ABOUT_RETURN_TYPE = YES_ERROR;
				GCC_WARN_UNDECLARED_SELECTOR = YES;
				GCC_WARN_UNINITIALIZED_AUTOS = YES_AGGRESSIVE;
				GCC_WARN_UNUSED_FUNCTION = YES;
				GCC_WARN_UNUSED_VARIABLE = YES;
				IPHONEOS_DEPLOYMENT_TARGET = 18.2;
				LOCALIZATION_PREFERS_STRING_CATALOGS = YES;
				MTL_ENABLE_DEBUG_INFO = NO;
				MTL_FAST_MATH = YES;
				SDKROOT = iphoneos;
				SWIFT_COMPILATION_MODE = wholemodule;
				SWIFT_EMIT_LOC_STRINGS = YES;
				VALIDATE_PRODUCT = YES;
			};
			name = Release;
		};
		DF74CD8D2D99DCAA001CABD2 /* Debug */ = {
			isa = XCBuildConfiguration;
			baseConfigurationReference = DFD408FA2E48ED2700B9A3EF /* Secrets.xcconfig */;
			buildSettings = {
				ASSETCATALOG_COMPILER_APPICON_NAME = AppIcon;
				ASSETCATALOG_COMPILER_GLOBAL_ACCENT_COLOR_NAME = AccentColor;
				CODE_SIGN_ENTITLEMENTS = BebaAgua/BebaAgua.entitlements;
				CODE_SIGN_STYLE = Automatic;
				CURRENT_PROJECT_VERSION = 1;
				DEVELOPMENT_ASSET_PATHS = "\"BebaAgua/Preview Content\"";
				DEVELOPMENT_TEAM = 48VXLBS5Z4;
				ENABLE_PREVIEWS = YES;
				GENERATE_INFOPLIST_FILE = YES;
				INFOPLIST_FILE = BebaAgua/Info.plist;
				INFOPLIST_KEY_LSApplicationCategoryType = "public.app-category.healthcare-fitness";
				INFOPLIST_KEY_NSHealthClinicalHealthRecordsShareUsageDescription = "permitir que BebaAgua salve consumo de água no Health";
				INFOPLIST_KEY_NSHealthUpdateUsageDescription = "permitir que BebaAgua atualize consumo de água no Health";
				INFOPLIST_KEY_UIApplicationSceneManifest_Generation = YES;
				INFOPLIST_KEY_UIApplicationSupportsIndirectInputEvents = YES;
				INFOPLIST_KEY_UILaunchStoryboardName = LaunchScreen.storyboard;
				INFOPLIST_KEY_UISupportedInterfaceOrientations = UIInterfaceOrientationPortrait;
				IPHONEOS_DEPLOYMENT_TARGET = 17.6;
				LD_RUNPATH_SEARCH_PATHS = (
					"$(inherited)",
					"@executable_path/Frameworks",
				);
				MARKETING_VERSION = 1.0;
				PRODUCT_BUNDLE_IDENTIFIER = DosSantos.BebaAgua;
				PRODUCT_NAME = "$(TARGET_NAME)";
				SWIFT_EMIT_LOC_STRINGS = YES;
				SWIFT_VERSION = 5.0;
				TARGETED_DEVICE_FAMILY = "1,2";
			};
			name = Debug;
		};
		DF74CD8E2D99DCAA001CABD2 /* Release */ = {
			isa = XCBuildConfiguration;
			baseConfigurationReference = DFD408FA2E48ED2700B9A3EF /* Secrets.xcconfig */;
			buildSettings = {
				ASSETCATALOG_COMPILER_APPICON_NAME = AppIcon;
				ASSETCATALOG_COMPILER_GLOBAL_ACCENT_COLOR_NAME = AccentColor;
				CODE_SIGN_ENTITLEMENTS = BebaAgua/BebaAgua.entitlements;
				CODE_SIGN_STYLE = Automatic;
				CURRENT_PROJECT_VERSION = 1;
				DEVELOPMENT_ASSET_PATHS = "\"BebaAgua/Preview Content\"";
				DEVELOPMENT_TEAM = 48VXLBS5Z4;
				ENABLE_PREVIEWS = YES;
				GENERATE_INFOPLIST_FILE = YES;
				INFOPLIST_FILE = BebaAgua/Info.plist;
				INFOPLIST_KEY_LSApplicationCategoryType = "public.app-category.healthcare-fitness";
				INFOPLIST_KEY_NSHealthClinicalHealthRecordsShareUsageDescription = "permitir que BebaAgua salve consumo de água no Health";
				INFOPLIST_KEY_NSHealthUpdateUsageDescription = "permitir que BebaAgua atualize consumo de água no Health";
				INFOPLIST_KEY_UIApplicationSceneManifest_Generation = YES;
				INFOPLIST_KEY_UIApplicationSupportsIndirectInputEvents = YES;
				INFOPLIST_KEY_UILaunchStoryboardName = LaunchScreen.storyboard;
				INFOPLIST_KEY_UISupportedInterfaceOrientations = UIInterfaceOrientationPortrait;
				IPHONEOS_DEPLOYMENT_TARGET = 17.6;
				LD_RUNPATH_SEARCH_PATHS = (
					"$(inherited)",
					"@executable_path/Frameworks",
				);
				MARKETING_VERSION = 1.0;
				PRODUCT_BUNDLE_IDENTIFIER = DosSantos.BebaAgua;
				PRODUCT_NAME = "$(TARGET_NAME)";
				SWIFT_EMIT_LOC_STRINGS = YES;
				SWIFT_VERSION = 5.0;
				TARGETED_DEVICE_FAMILY = "1,2";
			};
			name = Release;
		};
		DF74CD902D99DCAA001CABD2 /* Debug */ = {
			isa = XCBuildConfiguration;
			baseConfigurationReference = DFD408FA2E48ED2700B9A3EF /* Secrets.xcconfig */;
			buildSettings = {
				BUNDLE_LOADER = "$(TEST_HOST)";
				CODE_SIGN_STYLE = Automatic;
				CURRENT_PROJECT_VERSION = 1;
				DEVELOPMENT_TEAM = 48VXLBS5Z4;
				GENERATE_INFOPLIST_FILE = YES;
				IPHONEOS_DEPLOYMENT_TARGET = 18.2;
				MARKETING_VERSION = 1.0;
				PRODUCT_BUNDLE_IDENTIFIER = DosSantos.BebaAguaTests;
				PRODUCT_NAME = "$(TARGET_NAME)";
				SWIFT_EMIT_LOC_STRINGS = NO;
				SWIFT_VERSION = 5.0;
				TARGETED_DEVICE_FAMILY = "1,2";
				TEST_HOST = "$(BUILT_PRODUCTS_DIR)/BebaAgua.app/$(BUNDLE_EXECUTABLE_FOLDER_PATH)/BebaAgua";
			};
			name = Debug;
		};
		DF74CD912D99DCAA001CABD2 /* Release */ = {
			isa = XCBuildConfiguration;
			baseConfigurationReference = DFD408FA2E48ED2700B9A3EF /* Secrets.xcconfig */;
			buildSettings = {
				BUNDLE_LOADER = "$(TEST_HOST)";
				CODE_SIGN_STYLE = Automatic;
				CURRENT_PROJECT_VERSION = 1;
				DEVELOPMENT_TEAM = 48VXLBS5Z4;
				GENERATE_INFOPLIST_FILE = YES;
				IPHONEOS_DEPLOYMENT_TARGET = 18.2;
				MARKETING_VERSION = 1.0;
				PRODUCT_BUNDLE_IDENTIFIER = DosSantos.BebaAguaTests;
				PRODUCT_NAME = "$(TARGET_NAME)";
				SWIFT_EMIT_LOC_STRINGS = NO;
				SWIFT_VERSION = 5.0;
				TARGETED_DEVICE_FAMILY = "1,2";
				TEST_HOST = "$(BUILT_PRODUCTS_DIR)/BebaAgua.app/$(BUNDLE_EXECUTABLE_FOLDER_PATH)/BebaAgua";
			};
			name = Release;
		};
		DF74CD932D99DCAA001CABD2 /* Debug */ = {
			isa = XCBuildConfiguration;
			baseConfigurationReference = DFD408FA2E48ED2700B9A3EF /* Secrets.xcconfig */;
			buildSettings = {
				CODE_SIGN_STYLE = Automatic;
				CURRENT_PROJECT_VERSION = 1;
				DEVELOPMENT_TEAM = 48VXLBS5Z4;
				GENERATE_INFOPLIST_FILE = YES;
				MARKETING_VERSION = 1.0;
				PRODUCT_BUNDLE_IDENTIFIER = DosSantos.BebaAguaUITests;
				PRODUCT_NAME = "$(TARGET_NAME)";
				SWIFT_EMIT_LOC_STRINGS = NO;
				SWIFT_VERSION = 5.0;
				TARGETED_DEVICE_FAMILY = "1,2";
				TEST_TARGET_NAME = BebaAgua;
			};
			name = Debug;
		};
		DF74CD942D99DCAA001CABD2 /* Release */ = {
			isa = XCBuildConfiguration;
			baseConfigurationReference = DFD408FA2E48ED2700B9A3EF /* Secrets.xcconfig */;
			buildSettings = {
				CODE_SIGN_STYLE = Automatic;
				CURRENT_PROJECT_VERSION = 1;
				DEVELOPMENT_TEAM = 48VXLBS5Z4;
				GENERATE_INFOPLIST_FILE = YES;
				MARKETING_VERSION = 1.0;
				PRODUCT_BUNDLE_IDENTIFIER = DosSantos.BebaAguaUITests;
				PRODUCT_NAME = "$(TARGET_NAME)";
				SWIFT_EMIT_LOC_STRINGS = NO;
				SWIFT_VERSION = 5.0;
				TARGETED_DEVICE_FAMILY = "1,2";
				TEST_TARGET_NAME = BebaAgua;
			};
			name = Release;
		};
		DFC1FBE72E32BFF40083A70C /* Debug */ = {
			isa = XCBuildConfiguration;
			baseConfigurationReference = DFD408FA2E48ED2700B9A3EF /* Secrets.xcconfig */;
			buildSettings = {
				ASSETCATALOG_COMPILER_GLOBAL_ACCENT_COLOR_NAME = AccentColor;
				ASSETCATALOG_COMPILER_WIDGET_BACKGROUND_COLOR_NAME = WidgetBackground;
				CODE_SIGN_ENTITLEMENTS = WaterWidgetExtension.entitlements;
				CODE_SIGN_STYLE = Automatic;
				CURRENT_PROJECT_VERSION = 1;
				DEVELOPMENT_TEAM = 48VXLBS5Z4;
				GENERATE_INFOPLIST_FILE = YES;
				INFOPLIST_FILE = WaterWidget/Info.plist;
				INFOPLIST_KEY_CFBundleDisplayName = WaterWidget;
				INFOPLIST_KEY_NSHumanReadableCopyright = "";
				IPHONEOS_DEPLOYMENT_TARGET = 18.5;
				LD_RUNPATH_SEARCH_PATHS = (
					"$(inherited)",
					"@executable_path/Frameworks",
					"@executable_path/../../Frameworks",
				);
				MARKETING_VERSION = 1.0;
				PRODUCT_BUNDLE_IDENTIFIER = DosSantos.BebaAgua.WaterWidget;
				PRODUCT_NAME = "$(TARGET_NAME)";
				SKIP_INSTALL = YES;
				SWIFT_EMIT_LOC_STRINGS = YES;
				SWIFT_VERSION = 5.0;
				TARGETED_DEVICE_FAMILY = "1,2";
			};
			name = Debug;
		};
		DFC1FBE82E32BFF40083A70C /* Release */ = {
			isa = XCBuildConfiguration;
			baseConfigurationReference = DFD408FA2E48ED2700B9A3EF /* Secrets.xcconfig */;
			buildSettings = {
				ASSETCATALOG_COMPILER_GLOBAL_ACCENT_COLOR_NAME = AccentColor;
				ASSETCATALOG_COMPILER_WIDGET_BACKGROUND_COLOR_NAME = WidgetBackground;
				CODE_SIGN_ENTITLEMENTS = WaterWidgetExtension.entitlements;
				CODE_SIGN_STYLE = Automatic;
				CURRENT_PROJECT_VERSION = 1;
				DEVELOPMENT_TEAM = 48VXLBS5Z4;
				GENERATE_INFOPLIST_FILE = YES;
				INFOPLIST_FILE = WaterWidget/Info.plist;
				INFOPLIST_KEY_CFBundleDisplayName = WaterWidget;
				INFOPLIST_KEY_NSHumanReadableCopyright = "";
				IPHONEOS_DEPLOYMENT_TARGET = 18.5;
				LD_RUNPATH_SEARCH_PATHS = (
					"$(inherited)",
					"@executable_path/Frameworks",
					"@executable_path/../../Frameworks",
				);
				MARKETING_VERSION = 1.0;
				PRODUCT_BUNDLE_IDENTIFIER = DosSantos.BebaAgua.WaterWidget;
				PRODUCT_NAME = "$(TARGET_NAME)";
				SKIP_INSTALL = YES;
				SWIFT_EMIT_LOC_STRINGS = YES;
				SWIFT_VERSION = 5.0;
				TARGETED_DEVICE_FAMILY = "1,2";
			};
			name = Release;
		};
/* End XCBuildConfiguration section */

/* Begin XCConfigurationList section */
		DF74CD632D99DCA8001CABD2 /* Build configuration list for PBXProject "BebaAgua" */ = {
			isa = XCConfigurationList;
			buildConfigurations = (
				DF74CD8A2D99DCAA001CABD2 /* Debug */,
				DF74CD8B2D99DCAA001CABD2 /* Release */,
			);
			defaultConfigurationIsVisible = 0;
			defaultConfigurationName = Release;
		};
		DF74CD8C2D99DCAA001CABD2 /* Build configuration list for PBXNativeTarget "BebaAgua" */ = {
			isa = XCConfigurationList;
			buildConfigurations = (
				DF74CD8D2D99DCAA001CABD2 /* Debug */,
				DF74CD8E2D99DCAA001CABD2 /* Release */,
			);
			defaultConfigurationIsVisible = 0;
			defaultConfigurationName = Release;
		};
		DF74CD8F2D99DCAA001CABD2 /* Build configuration list for PBXNativeTarget "BebaAguaTests" */ = {
			isa = XCConfigurationList;
			buildConfigurations = (
				DF74CD902D99DCAA001CABD2 /* Debug */,
				DF74CD912D99DCAA001CABD2 /* Release */,
			);
			defaultConfigurationIsVisible = 0;
			defaultConfigurationName = Release;
		};
		DF74CD922D99DCAA001CABD2 /* Build configuration list for PBXNativeTarget "BebaAguaUITests" */ = {
			isa = XCConfigurationList;
			buildConfigurations = (
				DF74CD932D99DCAA001CABD2 /* Debug */,
				DF74CD942D99DCAA001CABD2 /* Release */,
			);
			defaultConfigurationIsVisible = 0;
			defaultConfigurationName = Release;
		};
		DFC1FBE92E32BFF40083A70C /* Build configuration list for PBXNativeTarget "WaterWidgetExtension" */ = {
			isa = XCConfigurationList;
			buildConfigurations = (
				DFC1FBE72E32BFF40083A70C /* Debug */,
				DFC1FBE82E32BFF40083A70C /* Release */,
			);
			defaultConfigurationIsVisible = 0;
			defaultConfigurationName = Release;
		};
/* End XCConfigurationList section */

/* Begin XCRemoteSwiftPackageReference section */
		DFC1FAAB2E31AA790083A70C /* XCRemoteSwiftPackageReference "swift-package-manager-google-mobile-ads" */ = {
			isa = XCRemoteSwiftPackageReference;
			repositoryURL = "https://github.com/googleads/swift-package-manager-google-mobile-ads";
			requirement = {
				kind = upToNextMajorVersion;
				minimumVersion = 12.7.0;
			};
		};
/* End XCRemoteSwiftPackageReference section */

/* Begin XCSwiftPackageProductDependency section */
		DFC1FAAC2E31AA7A0083A70C /* GoogleMobileAds */ = {
			isa = XCSwiftPackageProductDependency;
			package = DFC1FAAB2E31AA790083A70C /* XCRemoteSwiftPackageReference "swift-package-manager-google-mobile-ads" */;
			productName = GoogleMobileAds;
		};
/* End XCSwiftPackageProductDependency section */
	};
	rootObject = DF74CD602D99DCA8001CABD2 /* Project object */;
}
